
Microsoft Visual Studio Solution File, Format Version 12.00
# Visual Studio Version 16
VisualStudioVersion = 16.0.29326.143
MinimumVisualStudioVersion = 10.0.40219.1
Project("{8BC9CEB8-8B4A-11D0-8D11-00A0C91BC942}") = "Flow_Push_Relabel", "Flow_Push_Relabel.vcxproj", "{D67E5E7C-D200-4F7F-967C-3B2A730E261A}"
EndProject
Project("{8BC9CEB8-8B4A-11D0-8D11-00A0C91BC942}") = "UnitTestFlow_Push_Relabel", "UnitTestFlow_Push_Relabel\UnitTestFlow_Push_Relabel.vcxproj", "{E29D5792-D8FA-4BD4-A488-027CD09B4CAC}"
EndProject
Global
	GlobalSection(SolutionConfigurationPlatforms) = preSolution
		Debug|x64 = Debug|x64
		Debug|x86 = Debug|x86
		Release|x64 = Release|x64
		Release|x86 = Release|x86
	EndGlobalSection
	GlobalSection(ProjectConfigurationPlatforms) = postSolution
		{D67E5E7C-D200-4F7F-967C-3B2A730E261A}.Debug|x64.ActiveCfg = Debug|x64
		{D67E5E7C-D200-4F7F-967C-3B2A730E261A}.Debug|x64.Build.0 = Debug|x64
		{D67E5E7C-D200-4F7F-967C-3B2A730E261A}.Debug|x86.ActiveCfg = Debug|Win32
		{D67E5E7C-D200-4F7F-967C-3B2A730E261A}.Debug|x86.Build.0 = Debug|Win32
		{D67E5E7C-D200-4F7F-967C-3B2A730E261A}.Release|x64.ActiveCfg = Release|x64
		{D67E5E7C-D200-4F7F-967C-3B2A730E261A}.Release|x64.Build.0 = Release|x64
		{D67E5E7C-D200-4F7F-967C-3B2A730E261A}.Release|x86.ActiveCfg = Release|Win32
		{D67E5E7C-D200-4F7F-967C-3B2A730E261A}.Release|x86.Build.0 = Release|Win32
		{E29D5792-D8FA-4BD4-A488-027CD09B4CAC}.Debug|x64.ActiveCfg = Debug|x64
		{E29D5792-D8FA-4BD4-A488-027CD09B4CAC}.Debug|x64.Build.0 = Debug|x64
		{E29D5792-D8FA-4BD4-A488-027CD09B4CAC}.Debug|x86.ActiveCfg = Debug|Win32
		{E29D5792-D8FA-4BD4-A488-027CD09B4CAC}.Debug|x86.Build.0 = Debug|Win32
		{E29D5792-D8FA-4BD4-A488-027CD09B4CAC}.Release|x64.ActiveCfg = Release|x64
		{E29D5792-D8FA-4BD4-A488-027CD09B4CAC}.Release|x64.Build.0 = Release|x64
		{E29D5792-D8FA-4BD4-A488-027CD09B4CAC}.Release|x86.ActiveCfg = Release|Win32
		{E29D5792-D8FA-4BD4-A488-027CD09B4CAC}.Release|x86.Build.0 = Release|Win32
	EndGlobalSection
	GlobalSection(SolutionProperties) = preSolution
		HideSolutionNode = FALSE
	EndGlobalSection
	GlobalSection(ExtensibilityGlobals) = postSolution
		SolutionGuid = {FDCBCBAF-5C05-4672-97CA-2E758511585D}
	EndGlobalSection
EndGlobal
